
Microsoft Visual Studio Solution File, Format Version 12.00
# Visual Studio Version 16
VisualStudioVersion = 16.0.28803.156
MinimumVisualStudioVersion = 10.0.40219.1
Project("{9A19103F-16F7-4668-BE54-9A1E7A4F7556}") = "DarkbetConsoleApp", "DarkbetConsoleApp\DarkbetConsoleApp.csproj", "{F130DB5C-8E2B-4C8F-9B12-28A619BAA12A}"
EndProject
Project("{2150E333-8FDC-42A3-9474-1A3956D46DE8}") = "Server", "Server", "{E1A88E74-C9F5-4314-BDE7-082DB1CC9B9D}"
EndProject
Project("{2150E333-8FDC-42A3-9474-1A3956D46DE8}") = "src", "src", "{C504D5F5-22A4-4034-A4A5-FFCE9A9C6A09}"
EndProject
Project("{2150E333-8FDC-42A3-9474-1A3956D46DE8}") = "1 - Presentation", "1 - Presentation", "{58C530FF-BA12-4307-AD1A-E7DEE48E015F}"
EndProject
Project("{2150E333-8FDC-42A3-9474-1A3956D46DE8}") = "2 - Services", "2 - Services", "{8FAC2522-1D33-48D1-AFD8-144003924254}"
EndProject
Project("{2150E333-8FDC-42A3-9474-1A3956D46DE8}") = "3 - Application", "3 - Application", "{4554692C-90E6-40D1-A983-E628F6B910A3}"
EndProject
Project("{2150E333-8FDC-42A3-9474-1A3956D46DE8}") = "4 - Domain", "4 - Domain", "{F1ED61B0-984E-464A-BFA1-E8CCB2B9F418}"
EndProject
Project("{2150E333-8FDC-42A3-9474-1A3956D46DE8}") = "5 - Infra", "5 - Infra", "{9FAB4C20-4F9F-4F83-B2BE-684165D1EE55}"
EndProject
Project("{2150E333-8FDC-42A3-9474-1A3956D46DE8}") = "6 - Tests", "6 - Tests", "{C157ABE2-1409-42E1-AC2E-D7DA14CD655B}"
EndProject
Project("{9A19103F-16F7-4668-BE54-9A1E7A4F7556}") = "Darkbet.Tests", "src\Tests\Darkbet.Tests\Darkbet.Tests.csproj", "{68364296-46AE-4970-948A-23783011A80E}"
EndProject
Project("{9A19103F-16F7-4668-BE54-9A1E7A4F7556}") = "Darkbet.Services.Api", "src\Services\Darkbet.Services.Api\Darkbet.Services.Api.csproj", "{D22489CC-2DE2-4CD1-BAB0-8F1B7049403F}"
EndProject
Project("{9A19103F-16F7-4668-BE54-9A1E7A4F7556}") = "Darkbet.Application", "src\Applciation\Darkbet.Application\Darkbet.Application.csproj", "{D359888E-B36F-4A7E-AC7F-BC295683CE01}"
EndProject
Project("{9A19103F-16F7-4668-BE54-9A1E7A4F7556}") = "Darkbet.Domain", "src\Domain\Darkbet.Domain\Darkbet.Domain.csproj", "{2BBE4062-3AF4-423D-833D-9E0DA99741BE}"
EndProject
Project("{9A19103F-16F7-4668-BE54-9A1E7A4F7556}") = "Darkbet.Domain.Core", "src\Domain\Darkbet.Domain.Core\Darkbet.Domain.Core.csproj", "{D32A76D4-954D-4EDE-B0A8-AB98E6FF50F1}"
EndProject
Project("{9A19103F-16F7-4668-BE54-9A1E7A4F7556}") = "Darkbet.Infra.Data", "src\Infra\Darkbet.Infra.Data\Darkbet.Infra.Data.csproj", "{E082AC55-79EF-451B-925B-4921203EE0C9}"
EndProject
Project("{9A19103F-16F7-4668-BE54-9A1E7A4F7556}") = "Darkbet.Infra.CrossCutting.IoC", "src\Infra\Darkbet.Infra.CrossCutting.IoC\Darkbet.Infra.CrossCutting.IoC.csproj", "{4C4748D6-EBB1-433B-8EE6-0CFF93FAFF2D}"
EndProject
Project("{9A19103F-16F7-4668-BE54-9A1E7A4F7556}") = "Darkbet.Infra.CrossCutting.Bus", "src\Infra\Darkbet.Infra.CrossCutting.Bus\Darkbet.Infra.CrossCutting.Bus.csproj", "{38B52E44-D9F7-4791-A3DE-65C5EEDECF58}"
EndProject
Global
	GlobalSection(SolutionConfigurationPlatforms) = preSolution
		Debug|Any CPU = Debug|Any CPU
		Release|Any CPU = Release|Any CPU
	EndGlobalSection
	GlobalSection(ProjectConfigurationPlatforms) = postSolution
		{F130DB5C-8E2B-4C8F-9B12-28A619BAA12A}.Debug|Any CPU.ActiveCfg = Debug|Any CPU
		{F130DB5C-8E2B-4C8F-9B12-28A619BAA12A}.Debug|Any CPU.Build.0 = Debug|Any CPU
		{F130DB5C-8E2B-4C8F-9B12-28A619BAA12A}.Release|Any CPU.ActiveCfg = Release|Any CPU
		{F130DB5C-8E2B-4C8F-9B12-28A619BAA12A}.Release|Any CPU.Build.0 = Release|Any CPU
		{68364296-46AE-4970-948A-23783011A80E}.Debug|Any CPU.ActiveCfg = Debug|Any CPU
		{68364296-46AE-4970-948A-23783011A80E}.Debug|Any CPU.Build.0 = Debug|Any CPU
		{68364296-46AE-4970-948A-23783011A80E}.Release|Any CPU.ActiveCfg = Release|Any CPU
		{68364296-46AE-4970-948A-23783011A80E}.Release|Any CPU.Build.0 = Release|Any CPU
		{D22489CC-2DE2-4CD1-BAB0-8F1B7049403F}.Debug|Any CPU.ActiveCfg = Debug|Any CPU
		{D22489CC-2DE2-4CD1-BAB0-8F1B7049403F}.Debug|Any CPU.Build.0 = Debug|Any CPU
		{D22489CC-2DE2-4CD1-BAB0-8F1B7049403F}.Release|Any CPU.ActiveCfg = Release|Any CPU
		{D22489CC-2DE2-4CD1-BAB0-8F1B7049403F}.Release|Any CPU.Build.0 = Release|Any CPU
		{D359888E-B36F-4A7E-AC7F-BC295683CE01}.Debug|Any CPU.ActiveCfg = Debug|Any CPU
		{D359888E-B36F-4A7E-AC7F-BC295683CE01}.Debug|Any CPU.Build.0 = Debug|Any CPU
		{D359888E-B36F-4A7E-AC7F-BC295683CE01}.Release|Any CPU.ActiveCfg = Release|Any CPU
		{D359888E-B36F-4A7E-AC7F-BC295683CE01}.Release|Any CPU.Build.0 = Release|Any CPU
		{2BBE4062-3AF4-423D-833D-9E0DA99741BE}.Debug|Any CPU.ActiveCfg = Debug|Any CPU
		{2BBE4062-3AF4-423D-833D-9E0DA99741BE}.Debug|Any CPU.Build.0 = Debug|Any CPU
		{2BBE4062-3AF4-423D-833D-9E0DA99741BE}.Release|Any CPU.ActiveCfg = Release|Any CPU
		{2BBE4062-3AF4-423D-833D-9E0DA99741BE}.Release|Any CPU.Build.0 = Release|Any CPU
		{D32A76D4-954D-4EDE-B0A8-AB98E6FF50F1}.Debug|Any CPU.ActiveCfg = Debug|Any CPU
		{D32A76D4-954D-4EDE-B0A8-AB98E6FF50F1}.Debug|Any CPU.Build.0 = Debug|Any CPU
		{D32A76D4-954D-4EDE-B0A8-AB98E6FF50F1}.Release|Any CPU.ActiveCfg = Release|Any CPU
		{D32A76D4-954D-4EDE-B0A8-AB98E6FF50F1}.Release|Any CPU.Build.0 = Release|Any CPU
		{E082AC55-79EF-451B-925B-4921203EE0C9}.Debug|Any CPU.ActiveCfg = Debug|Any CPU
		{E082AC55-79EF-451B-925B-4921203EE0C9}.Debug|Any CPU.Build.0 = Debug|Any CPU
		{E082AC55-79EF-451B-925B-4921203EE0C9}.Release|Any CPU.ActiveCfg = Release|Any CPU
		{E082AC55-79EF-451B-925B-4921203EE0C9}.Release|Any CPU.Build.0 = Release|Any CPU
		{4C4748D6-EBB1-433B-8EE6-0CFF93FAFF2D}.Debug|Any CPU.ActiveCfg = Debug|Any CPU
		{4C4748D6-EBB1-433B-8EE6-0CFF93FAFF2D}.Debug|Any CPU.Build.0 = Debug|Any CPU
		{4C4748D6-EBB1-433B-8EE6-0CFF93FAFF2D}.Release|Any CPU.ActiveCfg = Release|Any CPU
		{4C4748D6-EBB1-433B-8EE6-0CFF93FAFF2D}.Release|Any CPU.Build.0 = Release|Any CPU
		{38B52E44-D9F7-4791-A3DE-65C5EEDECF58}.Debug|Any CPU.ActiveCfg = Debug|Any CPU
		{38B52E44-D9F7-4791-A3DE-65C5EEDECF58}.Debug|Any CPU.Build.0 = Debug|Any CPU
		{38B52E44-D9F7-4791-A3DE-65C5EEDECF58}.Release|Any CPU.ActiveCfg = Release|Any CPU
		{38B52E44-D9F7-4791-A3DE-65C5EEDECF58}.Release|Any CPU.Build.0 = Release|Any CPU
	EndGlobalSection
	GlobalSection(SolutionProperties) = preSolution
		HideSolutionNode = FALSE
	EndGlobalSection
	GlobalSection(NestedProjects) = preSolution
		{C504D5F5-22A4-4034-A4A5-FFCE9A9C6A09} = {E1A88E74-C9F5-4314-BDE7-082DB1CC9B9D}
		{58C530FF-BA12-4307-AD1A-E7DEE48E015F} = {C504D5F5-22A4-4034-A4A5-FFCE9A9C6A09}
		{8FAC2522-1D33-48D1-AFD8-144003924254} = {C504D5F5-22A4-4034-A4A5-FFCE9A9C6A09}
		{4554692C-90E6-40D1-A983-E628F6B910A3} = {C504D5F5-22A4-4034-A4A5-FFCE9A9C6A09}
		{F1ED61B0-984E-464A-BFA1-E8CCB2B9F418} = {C504D5F5-22A4-4034-A4A5-FFCE9A9C6A09}
		{9FAB4C20-4F9F-4F83-B2BE-684165D1EE55} = {C504D5F5-22A4-4034-A4A5-FFCE9A9C6A09}
		{C157ABE2-1409-42E1-AC2E-D7DA14CD655B} = {C504D5F5-22A4-4034-A4A5-FFCE9A9C6A09}
		{68364296-46AE-4970-948A-23783011A80E} = {C157ABE2-1409-42E1-AC2E-D7DA14CD655B}
		{D22489CC-2DE2-4CD1-BAB0-8F1B7049403F} = {8FAC2522-1D33-48D1-AFD8-144003924254}
		{D359888E-B36F-4A7E-AC7F-BC295683CE01} = {4554692C-90E6-40D1-A983-E628F6B910A3}
		{2BBE4062-3AF4-423D-833D-9E0DA99741BE} = {F1ED61B0-984E-464A-BFA1-E8CCB2B9F418}
		{D32A76D4-954D-4EDE-B0A8-AB98E6FF50F1} = {F1ED61B0-984E-464A-BFA1-E8CCB2B9F418}
		{E082AC55-79EF-451B-925B-4921203EE0C9} = {9FAB4C20-4F9F-4F83-B2BE-684165D1EE55}
		{4C4748D6-EBB1-433B-8EE6-0CFF93FAFF2D} = {9FAB4C20-4F9F-4F83-B2BE-684165D1EE55}
		{38B52E44-D9F7-4791-A3DE-65C5EEDECF58} = {9FAB4C20-4F9F-4F83-B2BE-684165D1EE55}
	EndGlobalSection
	GlobalSection(ExtensibilityGlobals) = postSolution
		SolutionGuid = {6101F23B-B749-47A6-9BD5-F8D0E9864E5F}
	EndGlobalSection
EndGlobal
